
Microsoft Visual Studio Solution File, Format Version 12.00
# Visual Studio Version 16
VisualStudioVersion = 16.0.32407.337
MinimumVisualStudioVersion = 10.0.40219.1
Project("{FAE04EC0-301F-11D3-BF4B-00C04F79EFBC}") = "WebApplicationTest", "WebApplicationTest\WebApplicationTest.csproj", "{37E6B1FB-E584-4509-A68A-1E559157BCB2}"
EndProject
Global
	GlobalSection(SolutionConfigurationPlatforms) = preSolution
		Debug|Any CPU = Debug|Any CPU
		Release|Any CPU = Release|Any CPU
	EndGlobalSection
	GlobalSection(ProjectConfigurationPlatforms) = postSolution
		{37E6B1FB-E584-4509-A68A-1E559157BCB2}.Debug|Any CPU.ActiveCfg = Debug|Any CPU
		{37E6B1FB-E584-4509-A68A-1E559157BCB2}.Debug|Any CPU.Build.0 = Debug|Any CPU
		{37E6B1FB-E584-4509-A68A-1E559157BCB2}.Release|Any CPU.ActiveCfg = Release|Any CPU
		{37E6B1FB-E584-4509-A68A-1E559157BCB2}.Release|Any CPU.Build.0 = Release|Any CPU
	EndGlobalSection
	GlobalSection(SolutionProperties) = preSolution
		HideSolutionNode = FALSE
	EndGlobalSection
	GlobalSection(ExtensibilityGlobals) = postSolution
		SolutionGuid = {6FE16118-D4E2-4E94-9876-4FA61E037FA3}
	EndGlobalSection
EndGlobal
